// !$*UTF8*$!
{
	archiveVersion = 1;
	classes = {
	};
	objectVersion = 56;
	objects = {

/* Begin PBXBuildFile section */
		F06FEE5E2969AA040010E0B0 /* AppDelegate.swift in Sources */ = {isa = PBXBuildFile; fileRef = F06FEE5D2969AA040010E0B0 /* AppDelegate.swift */; };
		F06FEE602969AA040010E0B0 /* SceneDelegate.swift in Sources */ = {isa = PBXBuildFile; fileRef = F06FEE5F2969AA040010E0B0 /* SceneDelegate.swift */; };
		F06FEE622969AA040010E0B0 /* FeedViewController.swift in Sources */ = {isa = PBXBuildFile; fileRef = F06FEE612969AA040010E0B0 /* FeedViewController.swift */; };
		F06FEE672969AA050010E0B0 /* Assets.xcassets in Resources */ = {isa = PBXBuildFile; fileRef = F06FEE662969AA050010E0B0 /* Assets.xcassets */; };
		F06FEE6A2969AA050010E0B0 /* LaunchScreen.storyboard in Resources */ = {isa = PBXBuildFile; fileRef = F06FEE682969AA050010E0B0 /* LaunchScreen.storyboard */; };
		F06FEE732969AB3D0010E0B0 /* TabbarController.swift in Sources */ = {isa = PBXBuildFile; fileRef = F06FEE722969AB3D0010E0B0 /* TabbarController.swift */; };
		F06FEE762969B9790010E0B0 /* SnapKit in Frameworks */ = {isa = PBXBuildFile; productRef = F06FEE752969B9790010E0B0 /* SnapKit */; };
		F06FEE782969C7010010E0B0 /* FeedCell.swift in Sources */ = {isa = PBXBuildFile; fileRef = F06FEE772969C7010010E0B0 /* FeedCell.swift */; };
		F080F7DD2969DB02006006DD /* ProfileViewController.swift in Sources */ = {isa = PBXBuildFile; fileRef = F080F7DC2969DB02006006DD /* ProfileViewController.swift */; };
		F080F7E02969E021006006DD /* ProfileDataview.swift in Sources */ = {isa = PBXBuildFile; fileRef = F080F7DF2969E021006006DD /* ProfileDataview.swift */; };
		F0F5048C296A5B8F000F0182 /* ProfileCell.swift in Sources */ = {isa = PBXBuildFile; fileRef = F0F5048B296A5B8F000F0182 /* ProfileCell.swift */; };
		F0F5048F296A63D0000F0182 /* FeedUpload.swift in Sources */ = {isa = PBXBuildFile; fileRef = F0F5048E296A63D0000F0182 /* FeedUpload.swift */; };
/* End PBXBuildFile section */

/* Begin PBXFileReference section */
		F06FEE5A2969AA040010E0B0 /* InstaClonecoding.app */ = {isa = PBXFileReference; explicitFileType = wrapper.application; includeInIndex = 0; path = InstaClonecoding.app; sourceTree = BUILT_PRODUCTS_DIR; };
		F06FEE5D2969AA040010E0B0 /* AppDelegate.swift */ = {isa = PBXFileReference; lastKnownFileType = sourcecode.swift; path = AppDelegate.swift; sourceTree = "<group>"; };
		F06FEE5F2969AA040010E0B0 /* SceneDelegate.swift */ = {isa = PBXFileReference; lastKnownFileType = sourcecode.swift; path = SceneDelegate.swift; sourceTree = "<group>"; };
		F06FEE612969AA040010E0B0 /* FeedViewController.swift */ = {isa = PBXFileReference; lastKnownFileType = sourcecode.swift; path = FeedViewController.swift; sourceTree = "<group>"; };
		F06FEE662969AA050010E0B0 /* Assets.xcassets */ = {isa = PBXFileReference; lastKnownFileType = folder.assetcatalog; path = Assets.xcassets; sourceTree = "<group>"; };
		F06FEE692969AA050010E0B0 /* Base */ = {isa = PBXFileReference; lastKnownFileType = file.storyboard; name = Base; path = Base.lproj/LaunchScreen.storyboard; sourceTree = "<group>"; };
		F06FEE6B2969AA050010E0B0 /* Info.plist */ = {isa = PBXFileReference; lastKnownFileType = text.plist.xml; path = Info.plist; sourceTree = "<group>"; };
		F06FEE722969AB3D0010E0B0 /* TabbarController.swift */ = {isa = PBXFileReference; lastKnownFileType = sourcecode.swift; path = TabbarController.swift; sourceTree = "<group>"; };
		F06FEE772969C7010010E0B0 /* FeedCell.swift */ = {isa = PBXFileReference; lastKnownFileType = sourcecode.swift; path = FeedCell.swift; sourceTree = "<group>"; };
		F080F7DC2969DB02006006DD /* ProfileViewController.swift */ = {isa = PBXFileReference; lastKnownFileType = sourcecode.swift; path = ProfileViewController.swift; sourceTree = "<group>"; };
		F080F7DF2969E021006006DD /* ProfileDataview.swift */ = {isa = PBXFileReference; lastKnownFileType = sourcecode.swift; path = ProfileDataview.swift; sourceTree = "<group>"; };
		F0F5048B296A5B8F000F0182 /* ProfileCell.swift */ = {isa = PBXFileReference; lastKnownFileType = sourcecode.swift; path = ProfileCell.swift; sourceTree = "<group>"; };
		F0F5048E296A63D0000F0182 /* FeedUpload.swift */ = {isa = PBXFileReference; lastKnownFileType = sourcecode.swift; path = FeedUpload.swift; sourceTree = "<group>"; };
/* End PBXFileReference section */

/* Begin PBXFrameworksBuildPhase section */
		F06FEE572969AA040010E0B0 /* Frameworks */ = {
			isa = PBXFrameworksBuildPhase;
			buildActionMask = 2147483647;
			files = (
				F06FEE762969B9790010E0B0 /* SnapKit in Frameworks */,
			);
			runOnlyForDeploymentPostprocessing = 0;
		};
/* End PBXFrameworksBuildPhase section */

/* Begin PBXGroup section */
		F06FEE512969AA040010E0B0 = {
			isa = PBXGroup;
			children = (
				F06FEE5C2969AA040010E0B0 /* InstaClonecoding */,
				F06FEE5B2969AA040010E0B0 /* Products */,
			);
			sourceTree = "<group>";
		};
		F06FEE5B2969AA040010E0B0 /* Products */ = {
			isa = PBXGroup;
			children = (
				F06FEE5A2969AA040010E0B0 /* InstaClonecoding.app */,
			);
			name = Products;
			sourceTree = "<group>";
		};
		F06FEE5C2969AA040010E0B0 /* InstaClonecoding */ = {
			isa = PBXGroup;
			children = (
				F06FEE5D2969AA040010E0B0 /* AppDelegate.swift */,
				F06FEE5F2969AA040010E0B0 /* SceneDelegate.swift */,
				F06FEE712969AB300010E0B0 /* Scenes */,
				F06FEE662969AA050010E0B0 /* Assets.xcassets */,
				F06FEE682969AA050010E0B0 /* LaunchScreen.storyboard */,
				F06FEE6B2969AA050010E0B0 /* Info.plist */,
			);
			path = InstaClonecoding;
			sourceTree = "<group>";
		};
		F06FEE712969AB300010E0B0 /* Scenes */ = {
			isa = PBXGroup;
			children = (
				F06FEE722969AB3D0010E0B0 /* TabbarController.swift */,
				F080F7DE2969E00D006006DD /* profile */,
				F0F5048D296A63BF000F0182 /* Feed */,
			);
			path = Scenes;
			sourceTree = "<group>";
		};
		F080F7DE2969E00D006006DD /* profile */ = {
			isa = PBXGroup;
			children = (
				F080F7DC2969DB02006006DD /* ProfileViewController.swift */,
				F0F5048B296A5B8F000F0182 /* ProfileCell.swift */,
				F080F7DF2969E021006006DD /* ProfileDataview.swift */,
			);
			path = profile;
			sourceTree = "<group>";
		};
		F0F5048D296A63BF000F0182 /* Feed */ = {
			isa = PBXGroup;
			children = (
				F06FEE772969C7010010E0B0 /* FeedCell.swift */,
				F06FEE612969AA040010E0B0 /* FeedViewController.swift */,
				F0F5048E296A63D0000F0182 /* FeedUpload.swift */,
			);
			path = Feed;
			sourceTree = "<group>";
		};
/* End PBXGroup section */

/* Begin PBXNativeTarget section */
		F06FEE592969AA040010E0B0 /* InstaClonecoding */ = {
			isa = PBXNativeTarget;
			buildConfigurationList = F06FEE6E2969AA050010E0B0 /* Build configuration list for PBXNativeTarget "InstaClonecoding" */;
			buildPhases = (
				F06FEE562969AA040010E0B0 /* Sources */,
				F06FEE572969AA040010E0B0 /* Frameworks */,
				F06FEE582969AA040010E0B0 /* Resources */,
			);
			buildRules = (
			);
			dependencies = (
			);
			name = InstaClonecoding;
			packageProductDependencies = (
				F06FEE752969B9790010E0B0 /* SnapKit */,
			);
			productName = InstaClonecoding;
			productReference = F06FEE5A2969AA040010E0B0 /* InstaClonecoding.app */;
			productType = "com.apple.product-type.application";
		};
/* End PBXNativeTarget section */

/* Begin PBXProject section */
		F06FEE522969AA040010E0B0 /* Project object */ = {
			isa = PBXProject;
			attributes = {
				BuildIndependentTargetsInParallel = 1;
				LastSwiftUpdateCheck = 1420;
				LastUpgradeCheck = 1420;
				TargetAttributes = {
					F06FEE592969AA040010E0B0 = {
						CreatedOnToolsVersion = 14.2;
					};
				};
			};
			buildConfigurationList = F06FEE552969AA040010E0B0 /* Build configuration list for PBXProject "InstaClonecoding" */;
			compatibilityVersion = "Xcode 14.0";
			developmentRegion = en;
			hasScannedForEncodings = 0;
			knownRegions = (
				en,
				Base,
			);
			mainGroup = F06FEE512969AA040010E0B0;
			packageReferences = (
				F06FEE742969B9790010E0B0 /* XCRemoteSwiftPackageReference "SnapKit" */,
			);
			productRefGroup = F06FEE5B2969AA040010E0B0 /* Products */;
			projectDirPath = "";
			projectRoot = "";
			targets = (
				F06FEE592969AA040010E0B0 /* InstaClonecoding */,
			);
		};
/* End PBXProject section */

/* Begin PBXResourcesBuildPhase section */
		F06FEE582969AA040010E0B0 /* Resources */ = {
			isa = PBXResourcesBuildPhase;
			buildActionMask = 2147483647;
			files = (
				F06FEE6A2969AA050010E0B0 /* LaunchScreen.storyboard in Resources */,
				F06FEE672969AA050010E0B0 /* Assets.xcassets in Resources */,
			);
			runOnlyForDeploymentPostprocessing = 0;
		};
/* End PBXResourcesBuildPhase section */

/* Begin PBXSourcesBuildPhase section */
		F06FEE562969AA040010E0B0 /* Sources */ = {
			isa = PBXSourcesBuildPhase;
			buildActionMask = 2147483647;
			files = (
				F080F7DD2969DB02006006DD /* ProfileViewController.swift in Sources */,
				F06FEE622969AA040010E0B0 /* FeedViewController.swift in Sources */,
				F080F7E02969E021006006DD /* ProfileDataview.swift in Sources */,
				F06FEE782969C7010010E0B0 /* FeedCell.swift in Sources */,
				F06FEE732969AB3D0010E0B0 /* TabbarController.swift in Sources */,
				F0F5048C296A5B8F000F0182 /* ProfileCell.swift in Sources */,
				F06FEE5E2969AA040010E0B0 /* AppDelegate.swift in Sources */,
				F06FEE602969AA040010E0B0 /* SceneDelegate.swift in Sources */,
				F0F5048F296A63D0000F0182 /* FeedUpload.swift in Sources */,
			);
			runOnlyForDeploymentPostprocessing = 0;
		};
/* End PBXSourcesBuildPhase section */

/* Begin PBXVariantGroup section */
		F06FEE682969AA050010E0B0 /* LaunchScreen.storyboard */ = {
			isa = PBXVariantGroup;
			children = (
				F06FEE692969AA050010E0B0 /* Base */,
			);
			name = LaunchScreen.storyboard;
			sourceTree = "<group>";
		};
/* End PBXVariantGroup section */

/* Begin XCBuildConfiguration section */
		F06FEE6C2969AA050010E0B0 /* Debug */ = {
			isa = XCBuildConfiguration;
			buildSettings = {
				ALWAYS_SEARCH_USER_PATHS = NO;
				CLANG_ANALYZER_NONNULL = YES;
				CLANG_ANALYZER_NUMBER_OBJECT_CONVERSION = YES_AGGRESSIVE;
				CLANG_CXX_LANGUAGE_STANDARD = "gnu++20";
				CLANG_ENABLE_MODULES = YES;
				CLANG_ENABLE_OBJC_ARC = YES;
				CLANG_ENABLE_OBJC_WEAK = YES;
				CLANG_WARN_BLOCK_CAPTURE_AUTORELEASING = YES;
				CLANG_WARN_BOOL_CONVERSION = YES;
				CLANG_WARN_COMMA = YES;
				CLANG_WARN_CONSTANT_CONVERSION = YES;
				CLANG_WARN_DEPRECATED_OBJC_IMPLEMENTATIONS = YES;
				CLANG_WARN_DIRECT_OBJC_ISA_USAGE = YES_ERROR;
				CLANG_WARN_DOCUMENTATION_COMMENTS = YES;
				CLANG_WARN_EMPTY_BODY = YES;
				CLANG_WARN_ENUM_CONVERSION = YES;
				CLANG_WARN_INFINITE_RECURSION = YES;
				CLANG_WARN_INT_CONVERSION = YES;
				CLANG_WARN_NON_LITERAL_NULL_CONVERSION = YES;
				CLANG_WARN_OBJC_IMPLICIT_RETAIN_SELF = YES;
				CLANG_WARN_OBJC_LITERAL_CONVERSION = YES;
				CLANG_WARN_OBJC_ROOT_CLASS = YES_ERROR;
				CLANG_WARN_QUOTED_INCLUDE_IN_FRAMEWORK_HEADER = YES;
				CLANG_WARN_RANGE_LOOP_ANALYSIS = YES;
				CLANG_WARN_STRICT_PROTOTYPES = YES;
				CLANG_WARN_SUSPICIOUS_MOVE = YES;
				CLANG_WARN_UNGUARDED_AVAILABILITY = YES_AGGRESSIVE;
				CLANG_WARN_UNREACHABLE_CODE = YES;
				CLANG_WARN__DUPLICATE_METHOD_MATCH = YES;
				COPY_PHASE_STRIP = NO;
				DEBUG_INFORMATION_FORMAT = dwarf;
				ENABLE_STRICT_OBJC_MSGSEND = YES;
				ENABLE_TESTABILITY = YES;
				GCC_C_LANGUAGE_STANDARD = gnu11;
				GCC_DYNAMIC_NO_PIC = NO;
				GCC_NO_COMMON_BLOCKS = YES;
				GCC_OPTIMIZATION_LEVEL = 0;
				GCC_PREPROCESSOR_DEFINITIONS = (
					"DEBUG=1",
					"$(inherited)",
				);
				GCC_WARN_64_TO_32_BIT_CONVERSION = YES;
				GCC_WARN_ABOUT_RETURN_TYPE = YES_ERROR;
				GCC_WARN_UNDECLARED_SELECTOR = YES;
				GCC_WARN_UNINITIALIZED_AUTOS = YES_AGGRESSIVE;
				GCC_WARN_UNUSED_FUNCTION = YES;
				GCC_WARN_UNUSED_VARIABLE = YES;
				IPHONEOS_DEPLOYMENT_TARGET = 16.2;
				MTL_ENABLE_DEBUG_INFO = INCLUDE_SOURCE;
				MTL_FAST_MATH = YES;
				ONLY_ACTIVE_ARCH = YES;
				SDKROOT = iphoneos;
				SWIFT_ACTIVE_COMPILATION_CONDITIONS = DEBUG;
				SWIFT_OPTIMIZATION_LEVEL = "-Onone";
			};
			name = Debug;
		};
		F06FEE6D2969AA050010E0B0 /* Release */ = {
			isa = XCBuildConfiguration;
			buildSettings = {
				ALWAYS_SEARCH_USER_PATHS = NO;
				CLANG_ANALYZER_NONNULL = YES;
				CLANG_ANALYZER_NUMBER_OBJECT_CONVERSION = YES_AGGRESSIVE;
				CLANG_CXX_LANGUAGE_STANDARD = "gnu++20";
				CLANG_ENABLE_MODULES = YES;
				CLANG_ENABLE_OBJC_ARC = YES;
				CLANG_ENABLE_OBJC_WEAK = YES;
				CLANG_WARN_BLOCK_CAPTURE_AUTORELEASING = YES;
				CLANG_WARN_BOOL_CONVERSION = YES;
				CLANG_WARN_COMMA = YES;
				CLANG_WARN_CONSTANT_CONVERSION = YES;
				CLANG_WARN_DEPRECATED_OBJC_IMPLEMENTATIONS = YES;
				CLANG_WARN_DIRECT_OBJC_ISA_USAGE = YES_ERROR;
				CLANG_WARN_DOCUMENTATION_COMMENTS = YES;
				CLANG_WARN_EMPTY_BODY = YES;
				CLANG_WARN_ENUM_CONVERSION = YES;
				CLANG_WARN_INFINITE_RECURSION = YES;
				CLANG_WARN_INT_CONVERSION = YES;
				CLANG_WARN_NON_LITERAL_NULL_CONVERSION = YES;
				CLANG_WARN_OBJC_IMPLICIT_RETAIN_SELF = YES;
				CLANG_WARN_OBJC_LITERAL_CONVERSION = YES;
				CLANG_WARN_OBJC_ROOT_CLASS = YES_ERROR;
				CLANG_WARN_QUOTED_INCLUDE_IN_FRAMEWORK_HEADER = YES;
				CLANG_WARN_RANGE_LOOP_ANALYSIS = YES;
				CLANG_WARN_STRICT_PROTOTYPES = YES;
				CLANG_WARN_SUSPICIOUS_MOVE = YES;
				CLANG_WARN_UNGUARDED_AVAILABILITY = YES_AGGRESSIVE;
				CLANG_WARN_UNREACHABLE_CODE = YES;
				CLANG_WARN__DUPLICATE_METHOD_MATCH = YES;
				COPY_PHASE_STRIP = NO;
				DEBUG_INFORMATION_FORMAT = "dwarf-with-dsym";
				ENABLE_NS_ASSERTIONS = NO;
				ENABLE_STRICT_OBJC_MSGSEND = YES;
				GCC_C_LANGUAGE_STANDARD = gnu11;
				GCC_NO_COMMON_BLOCKS = YES;
				GCC_WARN_64_TO_32_BIT_CONVERSION = YES;
				GCC_WARN_ABOUT_RETURN_TYPE = YES_ERROR;
				GCC_WARN_UNDECLARED_SELECTOR = YES;
				GCC_WARN_UNINITIALIZED_AUTOS = YES_AGGRESSIVE;
				GCC_WARN_UNUSED_FUNCTION = YES;
				GCC_WARN_UNUSED_VARIABLE = YES;
				IPHONEOS_DEPLOYMENT_TARGET = 16.2;
				MTL_ENABLE_DEBUG_INFO = NO;
				MTL_FAST_MATH = YES;
				SDKROOT = iphoneos;
				SWIFT_COMPILATION_MODE = wholemodule;
				SWIFT_OPTIMIZATION_LEVEL = "-O";
				VALIDATE_PRODUCT = YES;
			};
			name = Release;
		};
		F06FEE6F2969AA050010E0B0 /* Debug */ = {
			isa = XCBuildConfiguration;
			buildSettings = {
				ASSETCATALOG_COMPILER_APPICON_NAME = AppIcon;
				ASSETCATALOG_COMPILER_GLOBAL_ACCENT_COLOR_NAME = AccentColor;
				CODE_SIGN_STYLE = Automatic;
				CURRENT_PROJECT_VERSION = 1;
				DEVELOPMENT_TEAM = NG2NLR2Z86;
				GENERATE_INFOPLIST_FILE = YES;
				INFOPLIST_FILE = InstaClonecoding/Info.plist;
				INFOPLIST_KEY_UIApplicationSupportsIndirectInputEvents = YES;
				INFOPLIST_KEY_UILaunchStoryboardName = LaunchScreen;
				INFOPLIST_KEY_UISupportedInterfaceOrientations_iPad = "UIInterfaceOrientationPortrait UIInterfaceOrientationPortraitUpsideDown UIInterfaceOrientationLandscapeLeft UIInterfaceOrientationLandscapeRight";
				INFOPLIST_KEY_UISupportedInterfaceOrientations_iPhone = "UIInterfaceOrientationPortrait UIInterfaceOrientationLandscapeLeft UIInterfaceOrientationLandscapeRight";
				LD_RUNPATH_SEARCH_PATHS = (
					"$(inherited)",
					"@executable_path/Frameworks",
				);
				MARKETING_VERSION = 1.0;
				PRODUCT_BUNDLE_IDENTIFIER = com.practice.InstaClonecoding;
				PRODUCT_NAME = "$(TARGET_NAME)";
				SWIFT_EMIT_LOC_STRINGS = YES;
				SWIFT_VERSION = 5.0;
				TARGETED_DEVICE_FAMILY = "1,2";
			};
			name = Debug;
		};
		F06FEE702969AA050010E0B0 /* Release */ = {
			isa = XCBuildConfiguration;
			buildSettings = {
				ASSETCATALOG_COMPILER_APPICON_NAME = AppIcon;
				ASSETCATALOG_COMPILER_GLOBAL_ACCENT_COLOR_NAME = AccentColor;
				CODE_SIGN_STYLE = Automatic;
				CURRENT_PROJECT_VERSION = 1;
				DEVELOPMENT_TEAM = NG2NLR2Z86;
				GENERATE_INFOPLIST_FILE = YES;
				INFOPLIST_FILE = InstaClonecoding/Info.plist;
				INFOPLIST_KEY_UIApplicationSupportsIndirectInputEvents = YES;
				INFOPLIST_KEY_UILaunchStoryboardName = LaunchScreen;
				INFOPLIST_KEY_UISupportedInterfaceOrientations_iPad = "UIInterfaceOrientationPortrait UIInterfaceOrientationPortraitUpsideDown UIInterfaceOrientationLandscapeLeft UIInterfaceOrientationLandscapeRight";
				INFOPLIST_KEY_UISupportedInterfaceOrientations_iPhone = "UIInterfaceOrientationPortrait UIInterfaceOrientationLandscapeLeft UIInterfaceOrientationLandscapeRight";
				LD_RUNPATH_SEARCH_PATHS = (
					"$(inherited)",
					"@executable_path/Frameworks",
				);
				MARKETING_VERSION = 1.0;
				PRODUCT_BUNDLE_IDENTIFIER = com.practice.InstaClonecoding;
				PRODUCT_NAME = "$(TARGET_NAME)";
				SWIFT_EMIT_LOC_STRINGS = YES;
				SWIFT_VERSION = 5.0;
				TARGETED_DEVICE_FAMILY = "1,2";
			};
			name = Release;
		};
/* End XCBuildConfiguration section */

/* Begin XCConfigurationList section */
		F06FEE552969AA040010E0B0 /* Build configuration list for PBXProject "InstaClonecoding" */ = {
			isa = XCConfigurationList;
			buildConfigurations = (
				F06FEE6C2969AA050010E0B0 /* Debug */,
				F06FEE6D2969AA050010E0B0 /* Release */,
			);
			defaultConfigurationIsVisible = 0;
			defaultConfigurationName = Release;
		};
		F06FEE6E2969AA050010E0B0 /* Build configuration list for PBXNativeTarget "InstaClonecoding" */ = {
			isa = XCConfigurationList;
			buildConfigurations = (
				F06FEE6F2969AA050010E0B0 /* Debug */,
				F06FEE702969AA050010E0B0 /* Release */,
			);
			defaultConfigurationIsVisible = 0;
			defaultConfigurationName = Release;
		};
/* End XCConfigurationList section */

/* Begin XCRemoteSwiftPackageReference section */
		F06FEE742969B9790010E0B0 /* XCRemoteSwiftPackageReference "SnapKit" */ = {
			isa = XCRemoteSwiftPackageReference;
			repositoryURL = "https://github.com/SnapKit/SnapKit.git";
			requirement = {
				kind = upToNextMajorVersion;
				minimumVersion = 5.0.0;
			};
		};
/* End XCRemoteSwiftPackageReference section */

/* Begin XCSwiftPackageProductDependency section */
		F06FEE752969B9790010E0B0 /* SnapKit */ = {
			isa = XCSwiftPackageProductDependency;
			package = F06FEE742969B9790010E0B0 /* XCRemoteSwiftPackageReference "SnapKit" */;
			productName = SnapKit;
		};
/* End XCSwiftPackageProductDependency section */
	};
	rootObject = F06FEE522969AA040010E0B0 /* Project object */;
}
